# generated by rye
# use `rye lock` or `rye sync` to update this lockfile
#
# last locked with the following flags:
#   pre: false
#   features: []
#   all-features: false
#   with-sources: false
#   generate-hashes: false

-e file:.
m3u8==5.0.0
    # via demotape
pyyaml==6.0.1
    # via demotape
youtube-dl==2021.12.17
    # via demotape
